
Microsoft Visual Studio Solution File, Format Version 12.00
# Visual Studio Version 16
VisualStudioVersion = 16.0.29519.87
MinimumVisualStudioVersion = 10.0.40219.1
Project("{9092AA53-FB77-4645-B42D-1CCCA6BD08BD}") = "NodejsWebApp1", "NodejsWebApp1.njsproj", "{9A8780B8-162C-4F93-AA74-BD99A8450560}"
EndProject
Global
	GlobalSection(SolutionConfigurationPlatforms) = preSolution
		Debug|Any CPU = Debug|Any CPU
		Release|Any CPU = Release|Any CPU
	EndGlobalSection
	GlobalSection(ProjectConfigurationPlatforms) = postSolution
		{9A8780B8-162C-4F93-AA74-BD99A8450560}.Debug|Any CPU.ActiveCfg = Debug|Any CPU
		{9A8780B8-162C-4F93-AA74-BD99A8450560}.Debug|Any CPU.Build.0 = Debug|Any CPU
		{9A8780B8-162C-4F93-AA74-BD99A8450560}.Release|Any CPU.ActiveCfg = Release|Any CPU
		{9A8780B8-162C-4F93-AA74-BD99A8450560}.Release|Any CPU.Build.0 = Release|Any CPU
	EndGlobalSection
	GlobalSection(SolutionProperties) = preSolution
		HideSolutionNode = FALSE
	EndGlobalSection
	GlobalSection(ExtensibilityGlobals) = postSolution
		SolutionGuid = {2D7C4652-2CB6-4143-87A7-7438E00745AA}
	EndGlobalSection
EndGlobal
